
Microsoft Visual Studio Solution File, Format Version 12.00
# Visual Studio Version 16
VisualStudioVersion = 16.0.30907.101
MinimumVisualStudioVersion = 10.0.40219.1
Project("{9A19103F-16F7-4668-BE54-9A1E7A4F7556}") = "_01code_test", "_01code_test.csproj", "{61ADD79D-6245-4D58-BBA7-C1498EA6B7B1}"
EndProject
Project("{9A19103F-16F7-4668-BE54-9A1E7A4F7556}") = "_02异常捕获", "..\_02异常捕获\_02异常捕获.csproj", "{1F76EC3E-395A-48D6-A986-AE064C8B619E}"
EndProject
Project("{9A19103F-16F7-4668-BE54-9A1E7A4F7556}") = "_05结构", "..\_05结构\_05结构.csproj", "{23A16C4D-17F1-46CC-B167-EAB431CB9776}"
EndProject
Project("{9A19103F-16F7-4668-BE54-9A1E7A4F7556}") = "_06out参数", "..\_out参数\_06out参数.csproj", "{2C93E303-1311-4539-AB28-78195BA2E29D}"
EndProject
Project("{9A19103F-16F7-4668-BE54-9A1E7A4F7556}") = "_07ref参数", "..\_07ref参数\_07ref参数.csproj", "{4A7A4942-708F-4B90-B7EF-52B7E812AF04}"
EndProject
Project("{9A19103F-16F7-4668-BE54-9A1E7A4F7556}") = "_08params参数", "..\_08params参数\_08params参数.csproj", "{F6742473-E501-4074-8F5C-524B22E58F0C}"
EndProject
Project("{9A19103F-16F7-4668-BE54-9A1E7A4F7556}") = "_09类", "..\_09类\_09类.csproj", "{B0987D43-2AC2-4EF1-9DC1-13ADF57DBB71}"
EndProject
Project("{9A19103F-16F7-4668-BE54-9A1E7A4F7556}") = "_10构造函数", "..\_10构造函数\_10构造函数.csproj", "{9BD6080D-D922-4437-8AED-98D7A7ED4396}"
EndProject
Project("{9A19103F-16F7-4668-BE54-9A1E7A4F7556}") = "_11getandset访问器", "..\_getandset访问器\_11getandset访问器.csproj", "{170F89E3-B328-434B-A11D-431A60BA2F60}"
EndProject
Project("{9A19103F-16F7-4668-BE54-9A1E7A4F7556}") = "_12命名空间", "..\_12命名空间\_12命名空间.csproj", "{344077C3-9BA1-43F8-B6A6-30BD5414255E}"
EndProject
Project("{FAE04EC0-301F-11D3-BF4B-00C04F79EFBC}") = "_13path类", "..\_13path类\_13path类.csproj", "{54BEAF81-0048-4E19-888C-89D48EAA294E}"
EndProject
Project("{FAE04EC0-301F-11D3-BF4B-00C04F79EFBC}") = "_14file类", "..\_14file类\_14file类.csproj", "{4D444940-0F7F-429B-8526-FF1FEEE841C9}"
EndProject
Project("{FAE04EC0-301F-11D3-BF4B-00C04F79EFBC}") = "_15装箱和拆箱", "..\_15装箱和拆箱\_15装箱和拆箱.csproj", "{51F8A4F6-88FA-4F69-B241-6F4DE8119528}"
EndProject
Global
	GlobalSection(SolutionConfigurationPlatforms) = preSolution
		Debug|Any CPU = Debug|Any CPU
		Release|Any CPU = Release|Any CPU
	EndGlobalSection
	GlobalSection(ProjectConfigurationPlatforms) = postSolution
		{61ADD79D-6245-4D58-BBA7-C1498EA6B7B1}.Debug|Any CPU.ActiveCfg = Debug|Any CPU
		{61ADD79D-6245-4D58-BBA7-C1498EA6B7B1}.Debug|Any CPU.Build.0 = Debug|Any CPU
		{61ADD79D-6245-4D58-BBA7-C1498EA6B7B1}.Release|Any CPU.ActiveCfg = Release|Any CPU
		{61ADD79D-6245-4D58-BBA7-C1498EA6B7B1}.Release|Any CPU.Build.0 = Release|Any CPU
		{1F76EC3E-395A-48D6-A986-AE064C8B619E}.Debug|Any CPU.ActiveCfg = Debug|Any CPU
		{1F76EC3E-395A-48D6-A986-AE064C8B619E}.Debug|Any CPU.Build.0 = Debug|Any CPU
		{1F76EC3E-395A-48D6-A986-AE064C8B619E}.Release|Any CPU.ActiveCfg = Release|Any CPU
		{1F76EC3E-395A-48D6-A986-AE064C8B619E}.Release|Any CPU.Build.0 = Release|Any CPU
		{23A16C4D-17F1-46CC-B167-EAB431CB9776}.Debug|Any CPU.ActiveCfg = Debug|Any CPU
		{23A16C4D-17F1-46CC-B167-EAB431CB9776}.Debug|Any CPU.Build.0 = Debug|Any CPU
		{23A16C4D-17F1-46CC-B167-EAB431CB9776}.Release|Any CPU.ActiveCfg = Release|Any CPU
		{23A16C4D-17F1-46CC-B167-EAB431CB9776}.Release|Any CPU.Build.0 = Release|Any CPU
		{2C93E303-1311-4539-AB28-78195BA2E29D}.Debug|Any CPU.ActiveCfg = Debug|Any CPU
		{2C93E303-1311-4539-AB28-78195BA2E29D}.Debug|Any CPU.Build.0 = Debug|Any CPU
		{2C93E303-1311-4539-AB28-78195BA2E29D}.Release|Any CPU.ActiveCfg = Release|Any CPU
		{2C93E303-1311-4539-AB28-78195BA2E29D}.Release|Any CPU.Build.0 = Release|Any CPU
		{4A7A4942-708F-4B90-B7EF-52B7E812AF04}.Debug|Any CPU.ActiveCfg = Debug|Any CPU
		{4A7A4942-708F-4B90-B7EF-52B7E812AF04}.Debug|Any CPU.Build.0 = Debug|Any CPU
		{4A7A4942-708F-4B90-B7EF-52B7E812AF04}.Release|Any CPU.ActiveCfg = Release|Any CPU
		{4A7A4942-708F-4B90-B7EF-52B7E812AF04}.Release|Any CPU.Build.0 = Release|Any CPU
		{F6742473-E501-4074-8F5C-524B22E58F0C}.Debug|Any CPU.ActiveCfg = Debug|Any CPU
		{F6742473-E501-4074-8F5C-524B22E58F0C}.Debug|Any CPU.Build.0 = Debug|Any CPU
		{F6742473-E501-4074-8F5C-524B22E58F0C}.Release|Any CPU.ActiveCfg = Release|Any CPU
		{F6742473-E501-4074-8F5C-524B22E58F0C}.Release|Any CPU.Build.0 = Release|Any CPU
		{B0987D43-2AC2-4EF1-9DC1-13ADF57DBB71}.Debug|Any CPU.ActiveCfg = Debug|Any CPU
		{B0987D43-2AC2-4EF1-9DC1-13ADF57DBB71}.Debug|Any CPU.Build.0 = Debug|Any CPU
		{B0987D43-2AC2-4EF1-9DC1-13ADF57DBB71}.Release|Any CPU.ActiveCfg = Release|Any CPU
		{B0987D43-2AC2-4EF1-9DC1-13ADF57DBB71}.Release|Any CPU.Build.0 = Release|Any CPU
		{9BD6080D-D922-4437-8AED-98D7A7ED4396}.Debug|Any CPU.ActiveCfg = Debug|Any CPU
		{9BD6080D-D922-4437-8AED-98D7A7ED4396}.Debug|Any CPU.Build.0 = Debug|Any CPU
		{9BD6080D-D922-4437-8AED-98D7A7ED4396}.Release|Any CPU.ActiveCfg = Release|Any CPU
		{9BD6080D-D922-4437-8AED-98D7A7ED4396}.Release|Any CPU.Build.0 = Release|Any CPU
		{170F89E3-B328-434B-A11D-431A60BA2F60}.Debug|Any CPU.ActiveCfg = Debug|Any CPU
		{170F89E3-B328-434B-A11D-431A60BA2F60}.Debug|Any CPU.Build.0 = Debug|Any CPU
		{170F89E3-B328-434B-A11D-431A60BA2F60}.Release|Any CPU.ActiveCfg = Release|Any CPU
		{170F89E3-B328-434B-A11D-431A60BA2F60}.Release|Any CPU.Build.0 = Release|Any CPU
		{344077C3-9BA1-43F8-B6A6-30BD5414255E}.Debug|Any CPU.ActiveCfg = Debug|Any CPU
		{344077C3-9BA1-43F8-B6A6-30BD5414255E}.Debug|Any CPU.Build.0 = Debug|Any CPU
		{344077C3-9BA1-43F8-B6A6-30BD5414255E}.Release|Any CPU.ActiveCfg = Release|Any CPU
		{344077C3-9BA1-43F8-B6A6-30BD5414255E}.Release|Any CPU.Build.0 = Release|Any CPU
		{54BEAF81-0048-4E19-888C-89D48EAA294E}.Debug|Any CPU.ActiveCfg = Debug|Any CPU
		{54BEAF81-0048-4E19-888C-89D48EAA294E}.Debug|Any CPU.Build.0 = Debug|Any CPU
		{54BEAF81-0048-4E19-888C-89D48EAA294E}.Release|Any CPU.ActiveCfg = Release|Any CPU
		{54BEAF81-0048-4E19-888C-89D48EAA294E}.Release|Any CPU.Build.0 = Release|Any CPU
		{4D444940-0F7F-429B-8526-FF1FEEE841C9}.Debug|Any CPU.ActiveCfg = Debug|Any CPU
		{4D444940-0F7F-429B-8526-FF1FEEE841C9}.Debug|Any CPU.Build.0 = Debug|Any CPU
		{4D444940-0F7F-429B-8526-FF1FEEE841C9}.Release|Any CPU.ActiveCfg = Release|Any CPU
		{4D444940-0F7F-429B-8526-FF1FEEE841C9}.Release|Any CPU.Build.0 = Release|Any CPU
		{51F8A4F6-88FA-4F69-B241-6F4DE8119528}.Debug|Any CPU.ActiveCfg = Debug|Any CPU
		{51F8A4F6-88FA-4F69-B241-6F4DE8119528}.Debug|Any CPU.Build.0 = Debug|Any CPU
		{51F8A4F6-88FA-4F69-B241-6F4DE8119528}.Release|Any CPU.ActiveCfg = Release|Any CPU
		{51F8A4F6-88FA-4F69-B241-6F4DE8119528}.Release|Any CPU.Build.0 = Release|Any CPU
	EndGlobalSection
	GlobalSection(SolutionProperties) = preSolution
		HideSolutionNode = FALSE
	EndGlobalSection
	GlobalSection(ExtensibilityGlobals) = postSolution
		SolutionGuid = {075A9457-B106-4BF1-A448-BED029AAA654}
	EndGlobalSection
EndGlobal
